# This file is automatically @generated by Cargo.
# It is not intended for manual editing.
version = 3

[[package]]
name = "api"
version = "0.1.0"

[[package]]
name = "lumen-bench"
version = "0.1.0"

[[package]]
name = "lumen-cli"
version = "0.1.0"

[[package]]
name = "lumen-cluster"
version = "0.1.0"

[[package]]
name = "lumen-core"
version = "0.1.0"
